{
  "name": "javascript",
  "version": "1.0.0",
  "lockfileVersion": 1,
  "requires": true,
  "dependencies": {
    "scramblejs": {
      "version": "1.0.5",
      "resolved": "https://registry.npmjs.org/scramblejs/-/scramblejs-1.0.5.tgz",
      "integrity": "sha1-/SaKZQtoN2K7GxLuf95TG55zV0g="
    }
  }
}
